
Microsoft Visual Studio Solution File, Format Version 12.00
Project("{FAE04EC0-301F-11D3-BF4B-00C04F79EFBC}") = "SCSP.DataAccess", "SCSP.DataAccess\SCSP.DataAccess.csproj", "{CFD8F166-0A9A-42C3-87EF-799A9E181DE2}"
EndProject
Project("{FAE04EC0-301F-11D3-BF4B-00C04F79EFBC}") = "SCSP.BusinessLogic", "SCSP.BusinessLogic\SCSP.BusinessLogic.csproj", "{0355D8DA-7CCB-42B5-AD45-E6F8CB5CAA3F}"
EndProject
Project("{FAE04EC0-301F-11D3-BF4B-00C04F79EFBC}") = "SCSP.RazorApp", "SCSP.RazorApp\SCSP.RazorApp.csproj", "{3EE291BB-B266-4577-8A23-F0F0A59BDA12}"
EndProject
Project("{FAE04EC0-301F-11D3-BF4B-00C04F79EFBC}") = "BusinessObjects", "BusinessObjects\BusinessObjects.csproj", "{C7B0957E-2DE1-4B7E-8DFA-C0F72F62517D}"
EndProject
Global
	GlobalSection(SolutionConfigurationPlatforms) = preSolution
		Debug|Any CPU = Debug|Any CPU
		Release|Any CPU = Release|Any CPU
	EndGlobalSection
	GlobalSection(ProjectConfigurationPlatforms) = postSolution
		{CFD8F166-0A9A-42C3-87EF-799A9E181DE2}.Debug|Any CPU.ActiveCfg = Debug|Any CPU
		{CFD8F166-0A9A-42C3-87EF-799A9E181DE2}.Debug|Any CPU.Build.0 = Debug|Any CPU
		{CFD8F166-0A9A-42C3-87EF-799A9E181DE2}.Release|Any CPU.ActiveCfg = Release|Any CPU
		{CFD8F166-0A9A-42C3-87EF-799A9E181DE2}.Release|Any CPU.Build.0 = Release|Any CPU
		{0355D8DA-7CCB-42B5-AD45-E6F8CB5CAA3F}.Debug|Any CPU.ActiveCfg = Debug|Any CPU
		{0355D8DA-7CCB-42B5-AD45-E6F8CB5CAA3F}.Debug|Any CPU.Build.0 = Debug|Any CPU
		{0355D8DA-7CCB-42B5-AD45-E6F8CB5CAA3F}.Release|Any CPU.ActiveCfg = Release|Any CPU
		{0355D8DA-7CCB-42B5-AD45-E6F8CB5CAA3F}.Release|Any CPU.Build.0 = Release|Any CPU
		{3EE291BB-B266-4577-8A23-F0F0A59BDA12}.Debug|Any CPU.ActiveCfg = Debug|Any CPU
		{3EE291BB-B266-4577-8A23-F0F0A59BDA12}.Debug|Any CPU.Build.0 = Debug|Any CPU
		{3EE291BB-B266-4577-8A23-F0F0A59BDA12}.Release|Any CPU.ActiveCfg = Release|Any CPU
		{3EE291BB-B266-4577-8A23-F0F0A59BDA12}.Release|Any CPU.Build.0 = Release|Any CPU
		{C7B0957E-2DE1-4B7E-8DFA-C0F72F62517D}.Debug|Any CPU.ActiveCfg = Debug|Any CPU
		{C7B0957E-2DE1-4B7E-8DFA-C0F72F62517D}.Debug|Any CPU.Build.0 = Debug|Any CPU
		{C7B0957E-2DE1-4B7E-8DFA-C0F72F62517D}.Release|Any CPU.ActiveCfg = Release|Any CPU
		{C7B0957E-2DE1-4B7E-8DFA-C0F72F62517D}.Release|Any CPU.Build.0 = Release|Any CPU
	EndGlobalSection
EndGlobal
